{
  "lockfileVersion": 1,
  "configVersion": 1,
  "workspaces": {
    "": {
      "name": "discord-bot",
      "dependencies": {
        "discord.js": "^14.25.1",
        "websim": "^0.0.13",
      },
      "devDependencies": {
        "@types/bun": "^1.3.9",
        "oxfmt": "^0.33.0",
        "typescript": "^5.9.3",
      },
    },
  },
  "packages": {
    "@discordjs/builders": ["@discordjs/builders@1.13.1", "", { "dependencies": { "@discordjs/formatters": "^0.6.2", "@discordjs/util": "^1.2.0", "@sapphire/shapeshift": "^4.0.0", "discord-api-types": "^0.38.33", "fast-deep-equal": "^3.1.3", "ts-mixer": "^6.0.4", "tslib": "^2.6.3" } }, "sha512-cOU0UDHc3lp/5nKByDxkmRiNZBpdp0kx55aarbiAfakfKJHlxv/yFW1zmIqCAmwH5CRlrH9iMFKJMpvW4DPB+w=="],

    "@discordjs/collection": ["@discordjs/collection@1.5.3", "", {}, "sha512-SVb428OMd3WO1paV3rm6tSjM4wC+Kecaa1EUGX7vc6/fddvw/6lg90z4QtCqm21zvVe92vMMDt9+DkIvjXImQQ=="],

    "@discordjs/formatters": ["@discordjs/formatters@0.6.2", "", { "dependencies": { "discord-api-types": "^0.38.33" } }, "sha512-y4UPwWhH6vChKRkGdMB4odasUbHOUwy7KL+OVwF86PvT6QVOwElx+TiI1/6kcmcEe+g5YRXJFiXSXUdabqZOvQ=="],

    "@discordjs/rest": ["@discordjs/rest@2.6.0", "", { "dependencies": { "@discordjs/collection": "^2.1.1", "@discordjs/util": "^1.1.1", "@sapphire/async-queue": "^1.5.3", "@sapphire/snowflake": "^3.5.3", "@vladfrangu/async_event_emitter": "^2.4.6", "discord-api-types": "^0.38.16", "magic-bytes.js": "^1.10.0", "tslib": "^2.6.3", "undici": "6.21.3" } }, "sha512-RDYrhmpB7mTvmCKcpj+pc5k7POKszS4E2O9TYc+U+Y4iaCP+r910QdO43qmpOja8LRr1RJ0b3U+CqVsnPqzf4w=="],

    "@discordjs/util": ["@discordjs/util@1.2.0", "", { "dependencies": { "discord-api-types": "^0.38.33" } }, "sha512-3LKP7F2+atl9vJFhaBjn4nOaSWahZ/yWjOvA4e5pnXkt2qyXRCHLxoBQy81GFtLGCq7K9lPm9R517M1U+/90Qg=="],

    "@discordjs/ws": ["@discordjs/ws@1.2.3", "", { "dependencies": { "@discordjs/collection": "^2.1.0", "@discordjs/rest": "^2.5.1", "@discordjs/util": "^1.1.0", "@sapphire/async-queue": "^1.5.2", "@types/ws": "^8.5.10", "@vladfrangu/async_event_emitter": "^2.2.4", "discord-api-types": "^0.38.1", "tslib": "^2.6.2", "ws": "^8.17.0" } }, "sha512-wPlQDxEmlDg5IxhJPuxXr3Vy9AjYq5xCvFWGJyD7w7Np8ZGu+Mc+97LCoEc/+AYCo2IDpKioiH0/c/mj5ZR9Uw=="],

    "@oxfmt/binding-android-arm-eabi": ["@oxfmt/binding-android-arm-eabi@0.33.0", "", { "os": "android", "cpu": "arm" }, "sha512-ML6qRW8/HiBANteqfyFAR1Zu0VrJu+6o4gkPLsssq74hQ7wDMkufBYJXI16PGSERxEYNwKxO5fesCuMssgTv9w=="],

    "@oxfmt/binding-android-arm64": ["@oxfmt/binding-android-arm64@0.33.0", "", { "os": "android", "cpu": "arm64" }, "sha512-WimmcyrGpTOntj7F7CO9RMssncOKYall93nBnzJbI2ZZDhVRuCkvFwTpwz80cZqwYm5udXRXfF40ZXcCxjp9jg=="],

    "@oxfmt/binding-darwin-arm64": ["@oxfmt/binding-darwin-arm64@0.33.0", "", { "os": "darwin", "cpu": "arm64" }, "sha512-PorspsX9O5ISstVaq34OK4esN0LVcuU4DVg+XuSqJsfJ//gn6z6WH2Tt7s0rTQaqEcp76g7+QdWQOmnJDZsEVg=="],

    "@oxfmt/binding-darwin-x64": ["@oxfmt/binding-darwin-x64@0.33.0", "", { "os": "darwin", "cpu": "x64" }, "sha512-8278bqQtOcHRPhhzcqwN9KIideut+cftBjF8d2TOsSQrlsJSFx41wCCJ38mFmH9NOmU1M+x9jpeobHnbRP1okw=="],

    "@oxfmt/binding-freebsd-x64": ["@oxfmt/binding-freebsd-x64@0.33.0", "", { "os": "freebsd", "cpu": "x64" }, "sha512-BiqYVwWFHLf5dkfg0aCKsXa9rpi//vH1+xePCpd7Ulz9yp9pJKP4DWgS5g+OW8MaqOtt7iyAszhxtk/j1nDKHQ=="],

    "@oxfmt/binding-linux-arm-gnueabihf": ["@oxfmt/binding-linux-arm-gnueabihf@0.33.0", "", { "os": "linux", "cpu": "arm" }, "sha512-oAVmmurXx0OKbNOVv71oK92LsF1LwYWpnhDnX0VaAy/NLsCKf4B7Zo7lxkJh80nfhU20TibcdwYfoHVaqlStPQ=="],

    "@oxfmt/binding-linux-arm-musleabihf": ["@oxfmt/binding-linux-arm-musleabihf@0.33.0", "", { "os": "linux", "cpu": "arm" }, "sha512-YB6S8CiRol59oRxnuclJiWoV6l+l8ru/NsuQNYjXZnnPXfSTXKtMLWHCnL/figpCFYA1E7JyjrBbar1qxe2aZg=="],

    "@oxfmt/binding-linux-arm64-gnu": ["@oxfmt/binding-linux-arm64-gnu@0.33.0", "", { "os": "linux", "cpu": "arm64" }, "sha512-hrYy+FpWoB6N24E9oGRimhVkqlls9yeqcRmQakEPUHoAbij6rYxsHHYIp3+FHRiQZFAOUxWKn/CCQoy/Mv3Dgw=="],

    "@oxfmt/binding-linux-arm64-musl": ["@oxfmt/binding-linux-arm64-musl@0.33.0", "", { "os": "linux", "cpu": "arm64" }, "sha512-O1YIzymGRdWj9cG5iVTjkP7zk9/hSaVN8ZEbqMnWZjLC1phXlv54cUvANGGXndgJp2JS4W9XENn7eo5I4jZueg=="],

    "@oxfmt/binding-linux-ppc64-gnu": ["@oxfmt/binding-linux-ppc64-gnu@0.33.0", "", { "os": "linux", "cpu": "ppc64" }, "sha512-2lrkNe+B0w1tCgQTaozfUNQCYMbqKKCGcnTDATmWCZzO77W2sh+3n04r1lk9Q1CK3bI+C3fPwhFPUR2X2BvlyQ=="],

    "@oxfmt/binding-linux-riscv64-gnu": ["@oxfmt/binding-linux-riscv64-gnu@0.33.0", "", { "os": "linux", "cpu": "none" }, "sha512-8DSG1q0M6097vowHAkEyHnKed75/BWr1IBtgCJfytnWQg+Jn1X4DryhfjqonKZOZiv74oFQl5J8TCbdDuXXdtQ=="],

    "@oxfmt/binding-linux-riscv64-musl": ["@oxfmt/binding-linux-riscv64-musl@0.33.0", "", { "os": "linux", "cpu": "none" }, "sha512-eWaxnpPz7+p0QGUnw7GGviVBDOXabr6Cd0w7S/vnWTqQo9z1VroT7XXFnJEZ3dBwxMB9lphyuuYi/GLTCxqxlg=="],

    "@oxfmt/binding-linux-s390x-gnu": ["@oxfmt/binding-linux-s390x-gnu@0.33.0", "", { "os": "linux", "cpu": "s390x" }, "sha512-+mH8cQTqq+Tu2CdoB2/Wmk9CqotXResi+gPvXpb+AAUt/LiwpicTQqSolMheQKogkDTYHPuUiSN23QYmy7IXNQ=="],

    "@oxfmt/binding-linux-x64-gnu": ["@oxfmt/binding-linux-x64-gnu@0.33.0", "", { "os": "linux", "cpu": "x64" }, "sha512-fjyslAYAPE2+B6Ckrs5LuDQ6lB1re5MumPnzefAXsen3JGwiRilra6XdjUmszTNoExJKbewoxxd6bcLSTpkAJQ=="],

    "@oxfmt/binding-linux-x64-musl": ["@oxfmt/binding-linux-x64-musl@0.33.0", "", { "os": "linux", "cpu": "x64" }, "sha512-ve/jGBlTt35Jl/I0A0SfCQX3wKnadzPDdyOFEwe2ZgHHIT9uhqhAv1PaVXTenSBpauICEWYH8mWy+ittzlVE/A=="],

    "@oxfmt/binding-openharmony-arm64": ["@oxfmt/binding-openharmony-arm64@0.33.0", "", { "os": "none", "cpu": "arm64" }, "sha512-lsWRgY9e+uPvwXnuDiJkmJ2Zs3XwwaQkaALJ3/SXU9kjZP0Qh8/tGW8Tk/Z6WL32sDxx+aOK5HuU7qFY9dHJhg=="],

    "@oxfmt/binding-win32-arm64-msvc": ["@oxfmt/binding-win32-arm64-msvc@0.33.0", "", { "os": "win32", "cpu": "arm64" }, "sha512-w8AQHyGDRZutxtQ7IURdBEddwFrtHQiG6+yIFpNJ4HiMyYEqeAWzwBQBfwSAxtSNh6Y9qqbbc1OM2mHN6AB3Uw=="],

    "@oxfmt/binding-win32-ia32-msvc": ["@oxfmt/binding-win32-ia32-msvc@0.33.0", "", { "os": "win32", "cpu": "ia32" }, "sha512-j2X4iumKVwDzQtUx3JBDkaydx6eLuncgUZPl2ybZ8llxJMFbZIniws70FzUQePMfMtzLozIm7vo4bjkvQFsOzw=="],

    "@oxfmt/binding-win32-x64-msvc": ["@oxfmt/binding-win32-x64-msvc@0.33.0", "", { "os": "win32", "cpu": "x64" }, "sha512-lsBQxbepASwOBUh3chcKAjU+jVAQhLElbPYiagIq26cU8vA9Bttj6t20bMvCQCw31m440IRlNhrK7NpnUI8mzA=="],

    "@sapphire/async-queue": ["@sapphire/async-queue@1.5.5", "", {}, "sha512-cvGzxbba6sav2zZkH8GPf2oGk9yYoD5qrNWdu9fRehifgnFZJMV+nuy2nON2roRO4yQQ+v7MK/Pktl/HgfsUXg=="],

    "@sapphire/shapeshift": ["@sapphire/shapeshift@4.0.0", "", { "dependencies": { "fast-deep-equal": "^3.1.3", "lodash": "^4.17.21" } }, "sha512-d9dUmWVA7MMiKobL3VpLF8P2aeanRTu6ypG2OIaEv/ZHH/SUQ2iHOVyi5wAPjQ+HmnMuL0whK9ez8I/raWbtIg=="],

    "@sapphire/snowflake": ["@sapphire/snowflake@3.5.3", "", {}, "sha512-jjmJywLAFoWeBi1W7994zZyiNWPIiqRRNAmSERxyg93xRGzNYvGjlZ0gR6x0F4gPRi2+0O6S71kOZYyr3cxaIQ=="],

    "@types/bun": ["@types/bun@1.3.9", "", { "dependencies": { "bun-types": "1.3.9" } }, "sha512-KQ571yULOdWJiMH+RIWIOZ7B2RXQGpL1YQrBtLIV3FqDcCu6FsbFUBwhdKUlCKUpS3PJDsHlJ1QKlpxoVR+xtw=="],

    "@types/node": ["@types/node@24.10.1", "", { "dependencies": { "undici-types": "~7.16.0" } }, "sha512-GNWcUTRBgIRJD5zj+Tq0fKOJ5XZajIiBroOF0yvj2bSU1WvNdYS/dn9UxwsujGW4JX06dnHyjV2y9rRaybH0iQ=="],

    "@types/ws": ["@types/ws@8.18.1", "", { "dependencies": { "@types/node": "*" } }, "sha512-ThVF6DCVhA8kUGy+aazFQ4kXQ7E1Ty7A3ypFOe0IcJV8O/M511G99AW24irKrW56Wt44yG9+ij8FaqoBGkuBXg=="],

    "@vladfrangu/async_event_emitter": ["@vladfrangu/async_event_emitter@2.4.7", "", {}, "sha512-Xfe6rpCTxSxfbswi/W/Pz7zp1WWSNn4A0eW4mLkQUewCrXXtMj31lCg+iQyTkh/CkusZSq9eDflu7tjEDXUY6g=="],

    "@websimai/shared-types": ["@websimai/shared-types@0.0.5", "", {}, "sha512-+VhMBim0QhWk1MCtMrrN9qwCykkNq4tQ2DYT8w17EyR711V6rEsFYXyQb7fSUki6LyeQcunof4vLEyIVeD/RsA=="],

    "bun-types": ["bun-types@1.3.9", "", { "dependencies": { "@types/node": "*" } }, "sha512-+UBWWOakIP4Tswh0Bt0QD0alpTY8cb5hvgiYeWCMet9YukHbzuruIEeXC2D7nMJPB12kbh8C7XJykSexEqGKJg=="],

    "discord-api-types": ["discord-api-types@0.38.36", "", {}, "sha512-qrbUbjjwtyeBg5HsAlm1C859epfOyiLjPqAOzkdWlCNsZCWJrertnETF/NwM8H+waMFU58xGSc5eXUfXah+WTQ=="],

    "discord.js": ["discord.js@14.25.1", "", { "dependencies": { "@discordjs/builders": "^1.13.0", "@discordjs/collection": "1.5.3", "@discordjs/formatters": "^0.6.2", "@discordjs/rest": "^2.6.0", "@discordjs/util": "^1.2.0", "@discordjs/ws": "^1.2.3", "@sapphire/snowflake": "3.5.3", "discord-api-types": "^0.38.33", "fast-deep-equal": "3.1.3", "lodash.snakecase": "4.1.1", "magic-bytes.js": "^1.10.0", "tslib": "^2.6.3", "undici": "6.21.3" } }, "sha512-2l0gsPOLPs5t6GFZfQZKnL1OJNYFcuC/ETWsW4VtKVD/tg4ICa9x+jb9bkPffkMdRpRpuUaO/fKkHCBeiCKh8g=="],

    "fast-deep-equal": ["fast-deep-equal@3.1.3", "", {}, "sha512-f3qQ9oQy9j2AhBe/H9VC91wLmKBCCU/gDOnKNAYG5hswO7BLKj09Hc5HYNz9cGI++xlpDCIgDaitVs03ATR84Q=="],

    "lodash": ["lodash@4.17.21", "", {}, "sha512-v2kDEe57lecTulaDIuNTPy3Ry4gLGJ6Z1O3vE1krgXZNrsQ+LFTGHVxVjcXPs17LhbZVGedAJv8XZ1tvj5FvSg=="],

    "lodash.snakecase": ["lodash.snakecase@4.1.1", "", {}, "sha512-QZ1d4xoBHYUeuouhEq3lk3Uq7ldgyFXGBhg04+oRLnIz8o9T65Eh+8YdroUwn846zchkA9yDsDl5CVVaV2nqYw=="],

    "magic-bytes.js": ["magic-bytes.js@1.12.1", "", {}, "sha512-ThQLOhN86ZkJ7qemtVRGYM+gRgR8GEXNli9H/PMvpnZsE44Xfh3wx9kGJaldg314v85m+bFW6WBMaVHJc/c3zA=="],

    "oxfmt": ["oxfmt@0.33.0", "", { "dependencies": { "tinypool": "2.1.0" }, "optionalDependencies": { "@oxfmt/binding-android-arm-eabi": "0.33.0", "@oxfmt/binding-android-arm64": "0.33.0", "@oxfmt/binding-darwin-arm64": "0.33.0", "@oxfmt/binding-darwin-x64": "0.33.0", "@oxfmt/binding-freebsd-x64": "0.33.0", "@oxfmt/binding-linux-arm-gnueabihf": "0.33.0", "@oxfmt/binding-linux-arm-musleabihf": "0.33.0", "@oxfmt/binding-linux-arm64-gnu": "0.33.0", "@oxfmt/binding-linux-arm64-musl": "0.33.0", "@oxfmt/binding-linux-ppc64-gnu": "0.33.0", "@oxfmt/binding-linux-riscv64-gnu": "0.33.0", "@oxfmt/binding-linux-riscv64-musl": "0.33.0", "@oxfmt/binding-linux-s390x-gnu": "0.33.0", "@oxfmt/binding-linux-x64-gnu": "0.33.0", "@oxfmt/binding-linux-x64-musl": "0.33.0", "@oxfmt/binding-openharmony-arm64": "0.33.0", "@oxfmt/binding-win32-arm64-msvc": "0.33.0", "@oxfmt/binding-win32-ia32-msvc": "0.33.0", "@oxfmt/binding-win32-x64-msvc": "0.33.0" }, "bin": { "oxfmt": "bin/oxfmt" } }, "sha512-ogxBXA9R4BFeo8F1HeMIIxHr5kGnQwKTYZ5k131AEGOq1zLxInNhvYSpyRQ+xIXVMYfCN7yZHKff/lb5lp4auQ=="],

    "tinypool": ["tinypool@2.1.0", "", {}, "sha512-Pugqs6M0m7Lv1I7FtxN4aoyToKg1C4tu+/381vH35y8oENM/Ai7f7C4StcoK4/+BSw9ebcS8jRiVrORFKCALLw=="],

    "ts-mixer": ["ts-mixer@6.0.4", "", {}, "sha512-ufKpbmrugz5Aou4wcr5Wc1UUFWOLhq+Fm6qa6P0w0K5Qw2yhaUoiWszhCVuNQyNwrlGiscHOmqYoAox1PtvgjA=="],

    "tslib": ["tslib@2.8.1", "", {}, "sha512-oJFu94HQb+KVduSUQL7wnpmqnfmLsOA/nAh6b6EH0wCEoK0/mPeXU6c3wKDV83MkOuHPRHtSXKKU99IBazS/2w=="],

    "typescript": ["typescript@5.9.3", "", { "bin": { "tsc": "bin/tsc", "tsserver": "bin/tsserver" } }, "sha512-jl1vZzPDinLr9eUt3J/t7V6FgNEw9QjvBPdysz9KfQDD41fQrC2Y4vKQdiaUpFT4bXlb1RHhLpp8wtm6M5TgSw=="],

    "undici": ["undici@6.21.3", "", {}, "sha512-gBLkYIlEnSp8pFbT64yFgGE6UIB9tAkhukC23PmMDCe5Nd+cRqKxSjw5y54MK2AZMgZfJWMaNE4nYUHgi1XEOw=="],

    "undici-types": ["undici-types@7.16.0", "", {}, "sha512-Zz+aZWSj8LE6zoxD+xrjh4VfkIG8Ya6LvYkZqtUQGJPZjYl53ypCaUwWqo7eI0x66KBGeRo+mlBEkMSeSZ38Nw=="],

    "websim": ["websim@0.0.13", "", { "dependencies": { "@websimai/shared-types": "0.0.5" } }, "sha512-zJIn/kBH+GeIyuK+RNmwF3A0Hetb4dZigcprUeSYnAYwWfdXoSgSUDG2k2ciCvXN1Eu7lDqN17t8N0v6C8TbLQ=="],

    "ws": ["ws@8.18.3", "", { "peerDependencies": { "bufferutil": "^4.0.1", "utf-8-validate": ">=5.0.2" }, "optionalPeers": ["bufferutil", "utf-8-validate"] }, "sha512-PEIGCY5tSlUt50cqyMXfCzX+oOPqN0vuGqWzbcJ2xvnkzkq46oOpz7dQaTDBdfICb4N14+GARUDw2XV2N4tvzg=="],

    "@discordjs/rest/@discordjs/collection": ["@discordjs/collection@2.1.1", "", {}, "sha512-LiSusze9Tc7qF03sLCujF5iZp7K+vRNEDBZ86FT9aQAv3vxMLihUvKvpsCWiQ2DJq1tVckopKm1rxomgNUc9hg=="],

    "@discordjs/ws/@discordjs/collection": ["@discordjs/collection@2.1.1", "", {}, "sha512-LiSusze9Tc7qF03sLCujF5iZp7K+vRNEDBZ86FT9aQAv3vxMLihUvKvpsCWiQ2DJq1tVckopKm1rxomgNUc9hg=="],
  }
}
